// !$*UTF8*$!
{
	archiveVersion = 1;
	classes = {
	};
	objectVersion = 46;
	objects = {

/* Begin PBXBuildFile section */
		6C6A2CEA19C68BC50077779D /* AppDelegate.swift in Sources */ = {isa = PBXBuildFile; fileRef = 6C6A2CE919C68BC50077779D /* AppDelegate.swift */; };
		6C6A2CEC19C68BC50077779D /* ViewController.swift in Sources */ = {isa = PBXBuildFile; fileRef = 6C6A2CEB19C68BC50077779D /* ViewController.swift */; };
		6C6A2CEF19C68BC50077779D /* Main.storyboard in Resources */ = {isa = PBXBuildFile; fileRef = 6C6A2CED19C68BC50077779D /* Main.storyboard */; };
		6C6A2CF119C68BC50077779D /* Images.xcassets in Resources */ = {isa = PBXBuildFile; fileRef = 6C6A2CF019C68BC50077779D /* Images.xcassets */; };
		6C6A2CF419C68BC50077779D /* LaunchScreen.xib in Resources */ = {isa = PBXBuildFile; fileRef = 6C6A2CF219C68BC50077779D /* LaunchScreen.xib */; };
		6C6A2D0019C68BC50077779D /* YNAlertViewTests.swift in Sources */ = {isa = PBXBuildFile; fileRef = 6C6A2CFF19C68BC50077779D /* YNAlertViewTests.swift */; };
		6C6A2D0C19C68CBC0077779D /* YNAlertView.swift in Sources */ = {isa = PBXBuildFile; fileRef = 6C6A2D0B19C68CBC0077779D /* YNAlertView.swift */; };
/* End PBXBuildFile section */

/* Begin PBXContainerItemProxy section */
		6C6A2CFA19C68BC50077779D /* PBXContainerItemProxy */ = {
			isa = PBXContainerItemProxy;
			containerPortal = 6C6A2CDC19C68BC50077779D /* Project object */;
			proxyType = 1;
			remoteGlobalIDString = 6C6A2CE319C68BC50077779D;
			remoteInfo = YNAlertView;
		};
/* End PBXContainerItemProxy section */

/* Begin PBXFileReference section */
		6C6A2CE419C68BC50077779D /* YNAlertView.app */ = {isa = PBXFileReference; explicitFileType = wrapper.application; includeInIndex = 0; path = YNAlertView.app; sourceTree = BUILT_PRODUCTS_DIR; };
		6C6A2CE819C68BC50077779D /* Info.plist */ = {isa = PBXFileReference; lastKnownFileType = text.plist.xml; path = Info.plist; sourceTree = "<group>"; };
		6C6A2CE919C68BC50077779D /* AppDelegate.swift */ = {isa = PBXFileReference; lastKnownFileType = sourcecode.swift; path = AppDelegate.swift; sourceTree = "<group>"; };
		6C6A2CEB19C68BC50077779D /* ViewController.swift */ = {isa = PBXFileReference; lastKnownFileType = sourcecode.swift; path = ViewController.swift; sourceTree = "<group>"; };
		6C6A2CEE19C68BC50077779D /* Base */ = {isa = PBXFileReference; lastKnownFileType = file.storyboard; name = Base; path = Base.lproj/Main.storyboard; sourceTree = "<group>"; };
		6C6A2CF019C68BC50077779D /* Images.xcassets */ = {isa = PBXFileReference; lastKnownFileType = folder.assetcatalog; path = Images.xcassets; sourceTree = "<group>"; };
		6C6A2CF319C68BC50077779D /* Base */ = {isa = PBXFileReference; lastKnownFileType = file.xib; name = Base; path = Base.lproj/LaunchScreen.xib; sourceTree = "<group>"; };
		6C6A2CF919C68BC50077779D /* YNAlertViewTests.xctest */ = {isa = PBXFileReference; explicitFileType = wrapper.cfbundle; includeInIndex = 0; path = YNAlertViewTests.xctest; sourceTree = BUILT_PRODUCTS_DIR; };
		6C6A2CFE19C68BC50077779D /* Info.plist */ = {isa = PBXFileReference; lastKnownFileType = text.plist.xml; path = Info.plist; sourceTree = "<group>"; };
		6C6A2CFF19C68BC50077779D /* YNAlertViewTests.swift */ = {isa = PBXFileReference; lastKnownFileType = sourcecode.swift; path = YNAlertViewTests.swift; sourceTree = "<group>"; };
		6C6A2D0B19C68CBC0077779D /* YNAlertView.swift */ = {isa = PBXFileReference; fileEncoding = 4; lastKnownFileType = sourcecode.swift; path = YNAlertView.swift; sourceTree = "<group>"; };
/* End PBXFileReference section */

/* Begin PBXFrameworksBuildPhase section */
		6C6A2CE119C68BC50077779D /* Frameworks */ = {
			isa = PBXFrameworksBuildPhase;
			buildActionMask = 2147483647;
			files = (
			);
			runOnlyForDeploymentPostprocessing = 0;
		};
		6C6A2CF619C68BC50077779D /* Frameworks */ = {
			isa = PBXFrameworksBuildPhase;
			buildActionMask = 2147483647;
			files = (
			);
			runOnlyForDeploymentPostprocessing = 0;
		};
/* End PBXFrameworksBuildPhase section */

/* Begin PBXGroup section */
		6C6A2CDB19C68BC50077779D = {
			isa = PBXGroup;
			children = (
				6C6A2CE619C68BC50077779D /* YNAlertView */,
				6C6A2CFC19C68BC50077779D /* YNAlertViewTests */,
				6C6A2CE519C68BC50077779D /* Products */,
			);
			sourceTree = "<group>";
		};
		6C6A2CE519C68BC50077779D /* Products */ = {
			isa = PBXGroup;
			children = (
				6C6A2CE419C68BC50077779D /* YNAlertView.app */,
				6C6A2CF919C68BC50077779D /* YNAlertViewTests.xctest */,
			);
			name = Products;
			sourceTree = "<group>";
		};
		6C6A2CE619C68BC50077779D /* YNAlertView */ = {
			isa = PBXGroup;
			children = (
				6C6A2CE919C68BC50077779D /* AppDelegate.swift */,
				6C6A2CEB19C68BC50077779D /* ViewController.swift */,
				6C6A2D0B19C68CBC0077779D /* YNAlertView.swift */,
				6C6A2CED19C68BC50077779D /* Main.storyboard */,
				6C6A2CF019C68BC50077779D /* Images.xcassets */,
				6C6A2CF219C68BC50077779D /* LaunchScreen.xib */,
				6C6A2CE719C68BC50077779D /* Supporting Files */,
			);
			path = YNAlertView;
			sourceTree = "<group>";
		};
		6C6A2CE719C68BC50077779D /* Supporting Files */ = {
			isa = PBXGroup;
			children = (
				6C6A2CE819C68BC50077779D /* Info.plist */,
			);
			name = "Supporting Files";
			sourceTree = "<group>";
		};
		6C6A2CFC19C68BC50077779D /* YNAlertViewTests */ = {
			isa = PBXGroup;
			children = (
				6C6A2CFF19C68BC50077779D /* YNAlertViewTests.swift */,
				6C6A2CFD19C68BC50077779D /* Supporting Files */,
			);
			path = YNAlertViewTests;
			sourceTree = "<group>";
		};
		6C6A2CFD19C68BC50077779D /* Supporting Files */ = {
			isa = PBXGroup;
			children = (
				6C6A2CFE19C68BC50077779D /* Info.plist */,
			);
			name = "Supporting Files";
			sourceTree = "<group>";
		};
/* End PBXGroup section */

/* Begin PBXNativeTarget section */
		6C6A2CE319C68BC50077779D /* YNAlertView */ = {
			isa = PBXNativeTarget;
			buildConfigurationList = 6C6A2D0319C68BC50077779D /* Build configuration list for PBXNativeTarget "YNAlertView" */;
			buildPhases = (
				6C6A2CE019C68BC50077779D /* Sources */,
				6C6A2CE119C68BC50077779D /* Frameworks */,
				6C6A2CE219C68BC50077779D /* Resources */,
			);
			buildRules = (
			);
			dependencies = (
			);
			name = YNAlertView;
			productName = YNAlertView;
			productReference = 6C6A2CE419C68BC50077779D /* YNAlertView.app */;
			productType = "com.apple.product-type.application";
		};
		6C6A2CF819C68BC50077779D /* YNAlertViewTests */ = {
			isa = PBXNativeTarget;
			buildConfigurationList = 6C6A2D0619C68BC50077779D /* Build configuration list for PBXNativeTarget "YNAlertViewTests" */;
			buildPhases = (
				6C6A2CF519C68BC50077779D /* Sources */,
				6C6A2CF619C68BC50077779D /* Frameworks */,
				6C6A2CF719C68BC50077779D /* Resources */,
			);
			buildRules = (
			);
			dependencies = (
				6C6A2CFB19C68BC50077779D /* PBXTargetDependency */,
			);
			name = YNAlertViewTests;
			productName = YNAlertViewTests;
			productReference = 6C6A2CF919C68BC50077779D /* YNAlertViewTests.xctest */;
			productType = "com.apple.product-type.bundle.unit-test";
		};
/* End PBXNativeTarget section */

/* Begin PBXProject section */
		6C6A2CDC19C68BC50077779D /* Project object */ = {
			isa = PBXProject;
			attributes = {
				LastUpgradeCheck = 0600;
				ORGANIZATIONNAME = "xu_yunan@163.com";
				TargetAttributes = {
					6C6A2CE319C68BC50077779D = {
						CreatedOnToolsVersion = 6.0;
					};
					6C6A2CF819C68BC50077779D = {
						CreatedOnToolsVersion = 6.0;
						TestTargetID = 6C6A2CE319C68BC50077779D;
					};
				};
			};
			buildConfigurationList = 6C6A2CDF19C68BC50077779D /* Build configuration list for PBXProject "YNAlertView" */;
			compatibilityVersion = "Xcode 3.2";
			developmentRegion = English;
			hasScannedForEncodings = 0;
			knownRegions = (
				en,
				Base,
			);
			mainGroup = 6C6A2CDB19C68BC50077779D;
			productRefGroup = 6C6A2CE519C68BC50077779D /* Products */;
			projectDirPath = "";
			projectRoot = "";
			targets = (
				6C6A2CE319C68BC50077779D /* YNAlertView */,
				6C6A2CF819C68BC50077779D /* YNAlertViewTests */,
			);
		};
/* End PBXProject section */

/* Begin PBXResourcesBuildPhase section */
		6C6A2CE219C68BC50077779D /* Resources */ = {
			isa = PBXResourcesBuildPhase;
			buildActionMask = 2147483647;
			files = (
				6C6A2CEF19C68BC50077779D /* Main.storyboard in Resources */,
				6C6A2CF419C68BC50077779D /* LaunchScreen.xib in Resources */,
				6C6A2CF119C68BC50077779D /* Images.xcassets in Resources */,
			);
			runOnlyForDeploymentPostprocessing = 0;
		};
		6C6A2CF719C68BC50077779D /* Resources */ = {
			isa = PBXResourcesBuildPhase;
			buildActionMask = 2147483647;
			files = (
			);
			runOnlyForDeploymentPostprocessing = 0;
		};
/* End PBXResourcesBuildPhase section */

/* Begin PBXSourcesBuildPhase section */
		6C6A2CE019C68BC50077779D /* Sources */ = {
			isa = PBXSourcesBuildPhase;
			buildActionMask = 2147483647;
			files = (
				6C6A2D0C19C68CBC0077779D /* YNAlertView.swift in Sources */,
				6C6A2CEC19C68BC50077779D /* ViewController.swift in Sources */,
				6C6A2CEA19C68BC50077779D /* AppDelegate.swift in Sources */,
			);
			runOnlyForDeploymentPostprocessing = 0;
		};
		6C6A2CF519C68BC50077779D /* Sources */ = {
			isa = PBXSourcesBuildPhase;
			buildActionMask = 2147483647;
			files = (
				6C6A2D0019C68BC50077779D /* YNAlertViewTests.swift in Sources */,
			);
			runOnlyForDeploymentPostprocessing = 0;
		};
/* End PBXSourcesBuildPhase section */

/* Begin PBXTargetDependency section */
		6C6A2CFB19C68BC50077779D /* PBXTargetDependency */ = {
			isa = PBXTargetDependency;
			target = 6C6A2CE319C68BC50077779D /* YNAlertView */;
			targetProxy = 6C6A2CFA19C68BC50077779D /* PBXContainerItemProxy */;
		};
/* End PBXTargetDependency section */

/* Begin PBXVariantGroup section */
		6C6A2CED19C68BC50077779D /* Main.storyboard */ = {
			isa = PBXVariantGroup;
			children = (
				6C6A2CEE19C68BC50077779D /* Base */,
			);
			name = Main.storyboard;
			sourceTree = "<group>";
		};
		6C6A2CF219C68BC50077779D /* LaunchScreen.xib */ = {
			isa = PBXVariantGroup;
			children = (
				6C6A2CF319C68BC50077779D /* Base */,
			);
			name = LaunchScreen.xib;
			sourceTree = "<group>";
		};
/* End PBXVariantGroup section */

/* Begin XCBuildConfiguration section */
		6C6A2D0119C68BC50077779D /* Debug */ = {
			isa = XCBuildConfiguration;
			buildSettings = {
				ALWAYS_SEARCH_USER_PATHS = NO;
				CLANG_CXX_LANGUAGE_STANDARD = "gnu++0x";
				CLANG_CXX_LIBRARY = "libc++";
				CLANG_ENABLE_MODULES = YES;
				CLANG_ENABLE_OBJC_ARC = YES;
				CLANG_WARN_BOOL_CONVERSION = YES;
				CLANG_WARN_CONSTANT_CONVERSION = YES;
				CLANG_WARN_DIRECT_OBJC_ISA_USAGE = YES_ERROR;
				CLANG_WARN_EMPTY_BODY = YES;
				CLANG_WARN_ENUM_CONVERSION = YES;
				CLANG_WARN_INT_CONVERSION = YES;
				CLANG_WARN_OBJC_ROOT_CLASS = YES_ERROR;
				CLANG_WARN_UNREACHABLE_CODE = YES;
				CLANG_WARN__DUPLICATE_METHOD_MATCH = YES;
				"CODE_SIGN_IDENTITY[sdk=iphoneos*]" = "iPhone Developer";
				COPY_PHASE_STRIP = NO;
				ENABLE_STRICT_OBJC_MSGSEND = YES;
				GCC_C_LANGUAGE_STANDARD = gnu99;
				GCC_DYNAMIC_NO_PIC = NO;
				GCC_OPTIMIZATION_LEVEL = 0;
				GCC_PREPROCESSOR_DEFINITIONS = (
					"DEBUG=1",
					"$(inherited)",
				);
				GCC_SYMBOLS_PRIVATE_EXTERN = NO;
				GCC_WARN_64_TO_32_BIT_CONVERSION = YES;
				GCC_WARN_ABOUT_RETURN_TYPE = YES_ERROR;
				GCC_WARN_UNDECLARED_SELECTOR = YES;
				GCC_WARN_UNINITIALIZED_AUTOS = YES_AGGRESSIVE;
				GCC_WARN_UNUSED_FUNCTION = YES;
				GCC_WARN_UNUSED_VARIABLE = YES;
				IPHONEOS_DEPLOYMENT_TARGET = 8.0;
				MTL_ENABLE_DEBUG_INFO = YES;
				ONLY_ACTIVE_ARCH = YES;
				SDKROOT = iphoneos;
				SWIFT_OPTIMIZATION_LEVEL = "-Onone";
				TARGETED_DEVICE_FAMILY = "1,2";
			};
			name = Debug;
		};
		6C6A2D0219C68BC50077779D /* Release */ = {
			isa = XCBuildConfiguration;
			buildSettings = {
				ALWAYS_SEARCH_USER_PATHS = NO;
				CLANG_CXX_LANGUAGE_STANDARD = "gnu++0x";
				CLANG_CXX_LIBRARY = "libc++";
				CLANG_ENABLE_MODULES = YES;
				CLANG_ENABLE_OBJC_ARC = YES;
				CLANG_WARN_BOOL_CONVERSION = YES;
				CLANG_WARN_CONSTANT_CONVERSION = YES;
				CLANG_WARN_DIRECT_OBJC_ISA_USAGE = YES_ERROR;
				CLANG_WARN_EMPTY_BODY = YES;
				CLANG_WARN_ENUM_CONVERSION = YES;
				CLANG_WARN_INT_CONVERSION = YES;
				CLANG_WARN_OBJC_ROOT_CLASS = YES_ERROR;
				CLANG_WARN_UNREACHABLE_CODE = YES;
				CLANG_WARN__DUPLICATE_METHOD_MATCH = YES;
				"CODE_SIGN_IDENTITY[sdk=iphoneos*]" = "iPhone Developer";
				COPY_PHASE_STRIP = YES;
				ENABLE_NS_ASSERTIONS = NO;
				ENABLE_STRICT_OBJC_MSGSEND = YES;
				GCC_C_LANGUAGE_STANDARD = gnu99;
				GCC_WARN_64_TO_32_BIT_CONVERSION = YES;
				GCC_WARN_ABOUT_RETURN_TYPE = YES_ERROR;
				GCC_WARN_UNDECLARED_SELECTOR = YES;
				GCC_WARN_UNINITIALIZED_AUTOS = YES_AGGRESSIVE;
				GCC_WARN_UNUSED_FUNCTION = YES;
				GCC_WARN_UNUSED_VARIABLE = YES;
				IPHONEOS_DEPLOYMENT_TARGET = 8.0;
				MTL_ENABLE_DEBUG_INFO = NO;
				SDKROOT = iphoneos;
				TARGETED_DEVICE_FAMILY = "1,2";
				VALIDATE_PRODUCT = YES;
			};
			name = Release;
		};
		6C6A2D0419C68BC50077779D /* Debug */ = {
			isa = XCBuildConfiguration;
			buildSettings = {
				ASSETCATALOG_COMPILER_APPICON_NAME = AppIcon;
				INFOPLIST_FILE = YNAlertView/Info.plist;
				IPHONEOS_DEPLOYMENT_TARGET = 7.0;
				LD_RUNPATH_SEARCH_PATHS = "$(inherited) @executable_path/Frameworks";
				PRODUCT_NAME = "$(TARGET_NAME)";
			};
			name = Debug;
		};
		6C6A2D0519C68BC50077779D /* Release */ = {
			isa = XCBuildConfiguration;
			buildSettings = {
				ASSETCATALOG_COMPILER_APPICON_NAME = AppIcon;
				INFOPLIST_FILE = YNAlertView/Info.plist;
				IPHONEOS_DEPLOYMENT_TARGET = 7.0;
				LD_RUNPATH_SEARCH_PATHS = "$(inherited) @executable_path/Frameworks";
				PRODUCT_NAME = "$(TARGET_NAME)";
			};
			name = Release;
		};
		6C6A2D0719C68BC50077779D /* Debug */ = {
			isa = XCBuildConfiguration;
			buildSettings = {
				BUNDLE_LOADER = "$(TEST_HOST)";
				FRAMEWORK_SEARCH_PATHS = (
					"$(SDKROOT)/Developer/Library/Frameworks",
					"$(inherited)",
				);
				GCC_PREPROCESSOR_DEFINITIONS = (
					"DEBUG=1",
					"$(inherited)",
				);
				INFOPLIST_FILE = YNAlertViewTests/Info.plist;
				LD_RUNPATH_SEARCH_PATHS = "$(inherited) @executable_path/Frameworks @loader_path/Frameworks";
				PRODUCT_NAME = "$(TARGET_NAME)";
				TEST_HOST = "$(BUILT_PRODUCTS_DIR)/YNAlertView.app/YNAlertView";
			};
			name = Debug;
		};
		6C6A2D0819C68BC50077779D /* Release */ = {
			isa = XCBuildConfiguration;
			buildSettings = {
				BUNDLE_LOADER = "$(TEST_HOST)";
				FRAMEWORK_SEARCH_PATHS = (
					"$(SDKROOT)/Developer/Library/Frameworks",
					"$(inherited)",
				);
				INFOPLIST_FILE = YNAlertViewTests/Info.plist;
				LD_RUNPATH_SEARCH_PATHS = "$(inherited) @executable_path/Frameworks @loader_path/Frameworks";
				PRODUCT_NAME = "$(TARGET_NAME)";
				TEST_HOST = "$(BUILT_PRODUCTS_DIR)/YNAlertView.app/YNAlertView";
			};
			name = Release;
		};
/* End XCBuildConfiguration section */

/* Begin XCConfigurationList section */
		6C6A2CDF19C68BC50077779D /* Build configuration list for PBXProject "YNAlertView" */ = {
			isa = XCConfigurationList;
			buildConfigurations = (
				6C6A2D0119C68BC50077779D /* Debug */,
				6C6A2D0219C68BC50077779D /* Release */,
			);
			defaultConfigurationIsVisible = 0;
			defaultConfigurationName = Release;
		};
		6C6A2D0319C68BC50077779D /* Build configuration list for PBXNativeTarget "YNAlertView" */ = {
			isa = XCConfigurationList;
			buildConfigurations = (
				6C6A2D0419C68BC50077779D /* Debug */,
				6C6A2D0519C68BC50077779D /* Release */,
			);
			defaultConfigurationIsVisible = 0;
			defaultConfigurationName = Release;
		};
		6C6A2D0619C68BC50077779D /* Build configuration list for PBXNativeTarget "YNAlertViewTests" */ = {
			isa = XCConfigurationList;
			buildConfigurations = (
				6C6A2D0719C68BC50077779D /* Debug */,
				6C6A2D0819C68BC50077779D /* Release */,
			);
			defaultConfigurationIsVisible = 0;
			defaultConfigurationName = Release;
		};
/* End XCConfigurationList section */
	};
	rootObject = 6C6A2CDC19C68BC50077779D /* Project object */;
}
